
Microsoft Visual Studio Solution File, Format Version 12.00
# Visual Studio 14
VisualStudioVersion = 14.0.23107.0
MinimumVisualStudioVersion = 10.0.40219.1
Project("{FAE04EC0-301F-11D3-BF4B-00C04F79EFBC}") = "DBMS_PROJECT", "DBMS_PROJECT\DBMS_PROJECT.csproj", "{98DD0B1E-C569-4D26-87D4-88FC99C42BDC}"
EndProject
Global
	GlobalSection(SolutionConfigurationPlatforms) = preSolution
		Debug|Any CPU = Debug|Any CPU
		Release|Any CPU = Release|Any CPU
	EndGlobalSection
	GlobalSection(ProjectConfigurationPlatforms) = postSolution
		{98DD0B1E-C569-4D26-87D4-88FC99C42BDC}.Debug|Any CPU.ActiveCfg = Debug|Any CPU
		{98DD0B1E-C569-4D26-87D4-88FC99C42BDC}.Debug|Any CPU.Build.0 = Debug|Any CPU
		{98DD0B1E-C569-4D26-87D4-88FC99C42BDC}.Release|Any CPU.ActiveCfg = Release|Any CPU
		{98DD0B1E-C569-4D26-87D4-88FC99C42BDC}.Release|Any CPU.Build.0 = Release|Any CPU
	EndGlobalSection
	GlobalSection(SolutionProperties) = preSolution
		HideSolutionNode = FALSE
	EndGlobalSection
EndGlobal
